
Microsoft Visual Studio Solution File, Format Version 12.00
# Visual Studio Version 17
VisualStudioVersion = 17.10.35004.147
MinimumVisualStudioVersion = 10.0.40219.1
Project("{9A19103F-16F7-4668-BE54-9A1E7A4F7556}") = "OnlineStoreWebApp", "OnlineStoreWebApp\OnlineStoreWebApp.csproj", "{CC604AAB-DA54-4A3C-88AB-DCDC8EB07103}"
EndProject
Project("{FAE04EC0-301F-11D3-BF4B-00C04F79EFBC}") = "OnlineStore_DataAccess", "OnlineStore_DataAccess\OnlineStore_DataAccess.csproj", "{4F29A898-E767-449C-B166-BDEF8DD8CBA7}"
EndProject
Project("{FAE04EC0-301F-11D3-BF4B-00C04F79EFBC}") = "OnlineStore_Models", "OnlineStore_Models\OnlineStore_Models.csproj", "{9B162341-E077-4DD9-897F-CE28CABD9418}"
EndProject
Project("{FAE04EC0-301F-11D3-BF4B-00C04F79EFBC}") = "OnlineStore_Utility", "OnlineStore_Utility\OnlineStore_Utility.csproj", "{ADE2376B-291E-4BD9-9D20-E8B79D418B2B}"
EndProject
Global
	GlobalSection(SolutionConfigurationPlatforms) = preSolution
		Debug|Any CPU = Debug|Any CPU
		Release|Any CPU = Release|Any CPU
	EndGlobalSection
	GlobalSection(ProjectConfigurationPlatforms) = postSolution
		{CC604AAB-DA54-4A3C-88AB-DCDC8EB07103}.Debug|Any CPU.ActiveCfg = Debug|Any CPU
		{CC604AAB-DA54-4A3C-88AB-DCDC8EB07103}.Debug|Any CPU.Build.0 = Debug|Any CPU
		{CC604AAB-DA54-4A3C-88AB-DCDC8EB07103}.Release|Any CPU.ActiveCfg = Release|Any CPU
		{CC604AAB-DA54-4A3C-88AB-DCDC8EB07103}.Release|Any CPU.Build.0 = Release|Any CPU
		{4F29A898-E767-449C-B166-BDEF8DD8CBA7}.Debug|Any CPU.ActiveCfg = Debug|Any CPU
		{4F29A898-E767-449C-B166-BDEF8DD8CBA7}.Debug|Any CPU.Build.0 = Debug|Any CPU
		{4F29A898-E767-449C-B166-BDEF8DD8CBA7}.Release|Any CPU.ActiveCfg = Release|Any CPU
		{4F29A898-E767-449C-B166-BDEF8DD8CBA7}.Release|Any CPU.Build.0 = Release|Any CPU
		{9B162341-E077-4DD9-897F-CE28CABD9418}.Debug|Any CPU.ActiveCfg = Debug|Any CPU
		{9B162341-E077-4DD9-897F-CE28CABD9418}.Debug|Any CPU.Build.0 = Debug|Any CPU
		{9B162341-E077-4DD9-897F-CE28CABD9418}.Release|Any CPU.ActiveCfg = Release|Any CPU
		{9B162341-E077-4DD9-897F-CE28CABD9418}.Release|Any CPU.Build.0 = Release|Any CPU
		{ADE2376B-291E-4BD9-9D20-E8B79D418B2B}.Debug|Any CPU.ActiveCfg = Debug|Any CPU
		{ADE2376B-291E-4BD9-9D20-E8B79D418B2B}.Debug|Any CPU.Build.0 = Debug|Any CPU
		{ADE2376B-291E-4BD9-9D20-E8B79D418B2B}.Release|Any CPU.ActiveCfg = Release|Any CPU
		{ADE2376B-291E-4BD9-9D20-E8B79D418B2B}.Release|Any CPU.Build.0 = Release|Any CPU
	EndGlobalSection
	GlobalSection(SolutionProperties) = preSolution
		HideSolutionNode = FALSE
	EndGlobalSection
	GlobalSection(ExtensibilityGlobals) = postSolution
		SolutionGuid = {1A848222-2D50-4349-AD44-F8367447A3A6}
	EndGlobalSection
EndGlobal
